
Microsoft Visual Studio Solution File, Format Version 12.00
# Visual Studio Version 17
VisualStudioVersion = 17.10.35013.160
MinimumVisualStudioVersion = 10.0.40219.1
Project("{FAE04EC0-301F-11D3-BF4B-00C04F79EFBC}") = "AllTheTasks", "AllTheTasks\AllTheTasks.csproj", "{799161BF-6811-426A-9109-3C828064F994}"
EndProject
Global
	GlobalSection(SolutionConfigurationPlatforms) = preSolution
		Debug|Any CPU = Debug|Any CPU
		Release|Any CPU = Release|Any CPU
	EndGlobalSection
	GlobalSection(ProjectConfigurationPlatforms) = postSolution
		{799161BF-6811-426A-9109-3C828064F994}.Debug|Any CPU.ActiveCfg = Debug|Any CPU
		{799161BF-6811-426A-9109-3C828064F994}.Debug|Any CPU.Build.0 = Debug|Any CPU
		{799161BF-6811-426A-9109-3C828064F994}.Release|Any CPU.ActiveCfg = Release|Any CPU
		{799161BF-6811-426A-9109-3C828064F994}.Release|Any CPU.Build.0 = Release|Any CPU
	EndGlobalSection
	GlobalSection(SolutionProperties) = preSolution
		HideSolutionNode = FALSE
	EndGlobalSection
	GlobalSection(ExtensibilityGlobals) = postSolution
		SolutionGuid = {747A9DFD-8BC3-458B-9718-11B380DD794A}
	EndGlobalSection
EndGlobal
